
Microsoft Visual Studio Solution File, Format Version 12.00
# Visual Studio 14
VisualStudioVersion = 14.0.24720.0
MinimumVisualStudioVersion = 10.0.40219.1
Project("{FAE04EC0-301F-11D3-BF4B-00C04F79EFBC}") = "PivotServerTools", "PivotServerTools\PivotServerTools.csproj", "{15C9BFF4-5087-48C2-B3CC-169F0A458E39}"
EndProject
Project("{FAE04EC0-301F-11D3-BF4B-00C04F79EFBC}") = "PivotServer", "PivotServer\PivotServer.csproj", "{295EA095-B97D-4339-8114-48919B194893}"
	ProjectSection(ProjectDependencies) = postProject
		{D6C6B5F0-644F-4802-A2B9-A1EDA4B4FB19} = {D6C6B5F0-644F-4802-A2B9-A1EDA4B4FB19}
	EndProjectSection
EndProject
Project("{FAE04EC0-301F-11D3-BF4B-00C04F79EFBC}") = "SilverlightPivotViewer", "SilverlightPivotViewer\SilverlightPivotViewer.csproj", "{D6C6B5F0-644F-4802-A2B9-A1EDA4B4FB19}"
EndProject
Project("{FAE04EC0-301F-11D3-BF4B-00C04F79EFBC}") = "CdsDataModels", "..\CDS\CdsDataModels\CdsDataModels.csproj", "{218250EA-0459-4574-A0BD-6C3CD497C0F2}"
EndProject
Project("{FAE04EC0-301F-11D3-BF4B-00C04F79EFBC}") = "NpsGisWeb", "NpsGisWeb\NpsGisWeb.csproj", "{EA1AB2C3-F33C-4D7B-AD25-488A2AEE86ED}"
EndProject
Project("{FAE04EC0-301F-11D3-BF4B-00C04F79EFBC}") = "NpsGisWebTests", "NpsGisWebTests\NpsGisWebTests.csproj", "{1CA12593-D29B-4A6F-ADE7-935D4F78F1C3}"
EndProject
Global
	GlobalSection(SolutionConfigurationPlatforms) = preSolution
		Debug|Any CPU = Debug|Any CPU
		Release|Any CPU = Release|Any CPU
	EndGlobalSection
	GlobalSection(ProjectConfigurationPlatforms) = postSolution
		{15C9BFF4-5087-48C2-B3CC-169F0A458E39}.Debug|Any CPU.ActiveCfg = Debug|Any CPU
		{15C9BFF4-5087-48C2-B3CC-169F0A458E39}.Debug|Any CPU.Build.0 = Debug|Any CPU
		{15C9BFF4-5087-48C2-B3CC-169F0A458E39}.Release|Any CPU.ActiveCfg = Release|Any CPU
		{15C9BFF4-5087-48C2-B3CC-169F0A458E39}.Release|Any CPU.Build.0 = Release|Any CPU
		{295EA095-B97D-4339-8114-48919B194893}.Debug|Any CPU.ActiveCfg = Debug|Any CPU
		{295EA095-B97D-4339-8114-48919B194893}.Debug|Any CPU.Build.0 = Debug|Any CPU
		{295EA095-B97D-4339-8114-48919B194893}.Release|Any CPU.ActiveCfg = Release|Any CPU
		{295EA095-B97D-4339-8114-48919B194893}.Release|Any CPU.Build.0 = Release|Any CPU
		{D6C6B5F0-644F-4802-A2B9-A1EDA4B4FB19}.Debug|Any CPU.ActiveCfg = Debug|Any CPU
		{D6C6B5F0-644F-4802-A2B9-A1EDA4B4FB19}.Debug|Any CPU.Build.0 = Debug|Any CPU
		{D6C6B5F0-644F-4802-A2B9-A1EDA4B4FB19}.Release|Any CPU.ActiveCfg = Release|Any CPU
		{D6C6B5F0-644F-4802-A2B9-A1EDA4B4FB19}.Release|Any CPU.Build.0 = Release|Any CPU
		{218250EA-0459-4574-A0BD-6C3CD497C0F2}.Debug|Any CPU.ActiveCfg = Debug|Any CPU
		{218250EA-0459-4574-A0BD-6C3CD497C0F2}.Debug|Any CPU.Build.0 = Debug|Any CPU
		{218250EA-0459-4574-A0BD-6C3CD497C0F2}.Release|Any CPU.ActiveCfg = Release|Any CPU
		{218250EA-0459-4574-A0BD-6C3CD497C0F2}.Release|Any CPU.Build.0 = Release|Any CPU
		{EA1AB2C3-F33C-4D7B-AD25-488A2AEE86ED}.Debug|Any CPU.ActiveCfg = Debug|Any CPU
		{EA1AB2C3-F33C-4D7B-AD25-488A2AEE86ED}.Debug|Any CPU.Build.0 = Debug|Any CPU
		{EA1AB2C3-F33C-4D7B-AD25-488A2AEE86ED}.Release|Any CPU.ActiveCfg = Release|Any CPU
		{EA1AB2C3-F33C-4D7B-AD25-488A2AEE86ED}.Release|Any CPU.Build.0 = Release|Any CPU
		{1CA12593-D29B-4A6F-ADE7-935D4F78F1C3}.Debug|Any CPU.ActiveCfg = Debug|Any CPU
		{1CA12593-D29B-4A6F-ADE7-935D4F78F1C3}.Debug|Any CPU.Build.0 = Debug|Any CPU
		{1CA12593-D29B-4A6F-ADE7-935D4F78F1C3}.Release|Any CPU.ActiveCfg = Release|Any CPU
		{1CA12593-D29B-4A6F-ADE7-935D4F78F1C3}.Release|Any CPU.Build.0 = Release|Any CPU
	EndGlobalSection
	GlobalSection(SolutionProperties) = preSolution
		HideSolutionNode = FALSE
	EndGlobalSection
EndGlobal
